// !$*UTF8*$!
{
	archiveVersion = 1;
	classes = {
	};
	objectVersion = 51;
	objects = {

/* Begin PBXBuildFile section */
		1C1CD0B3258273DD00755C40 /* Extensions+Int.swift in Sources */ = {isa = PBXBuildFile; fileRef = 1C1CD0B2258273DD00755C40 /* Extensions+Int.swift */; };
		1C1CD0B62582BD6B00755C40 /* RunningSummayModel.swift in Sources */ = {isa = PBXBuildFile; fileRef = 1C1CD0B52582BD6B00755C40 /* RunningSummayModel.swift */; };
		1C1CD0B92582CEB800755C40 /* LastRunningSummary.swift in Sources */ = {isa = PBXBuildFile; fileRef = 1C1CD0B82582CEB800755C40 /* LastRunningSummary.swift */; };
		1C1CD0C12583F21E00755C40 /* RunningDetailsController.swift in Sources */ = {isa = PBXBuildFile; fileRef = 1C1CD0C02583F21E00755C40 /* RunningDetailsController.swift */; };
		1C1CD0C52583F3EF00755C40 /* TopViewCancelButton.swift in Sources */ = {isa = PBXBuildFile; fileRef = 1C1CD0C42583F3EF00755C40 /* TopViewCancelButton.swift */; };
		1C1CD0C92583FC9600755C40 /* RunningSummaryCell.swift in Sources */ = {isa = PBXBuildFile; fileRef = 1C1CD0C82583FC9600755C40 /* RunningSummaryCell.swift */; };
		1C1CD0CC2584146F00755C40 /* Extensions+NSDate.swift in Sources */ = {isa = PBXBuildFile; fileRef = 1C1CD0CB2584146F00755C40 /* Extensions+NSDate.swift */; };
		1C1CD0CF2584266400755C40 /* PersonalDetailsController.swift in Sources */ = {isa = PBXBuildFile; fileRef = 1C1CD0CE2584266400755C40 /* PersonalDetailsController.swift */; };
		1C1CD0D32584291300755C40 /* RegisterView.swift in Sources */ = {isa = PBXBuildFile; fileRef = 1C1CD0D22584291300755C40 /* RegisterView.swift */; };
		1C1CD0D7258558D300755C40 /* PersonalDetails.swift in Sources */ = {isa = PBXBuildFile; fileRef = 1C1CD0D6258558D300755C40 /* PersonalDetails.swift */; };
		1C3BDC3D25576003005575A3 /* StatisticsController.swift in Sources */ = {isa = PBXBuildFile; fileRef = 1C3BDC3C25576003005575A3 /* StatisticsController.swift */; };
		1C3BDC412557617F005575A3 /* BottomViewOfSC.swift in Sources */ = {isa = PBXBuildFile; fileRef = 1C3BDC402557617F005575A3 /* BottomViewOfSC.swift */; };
		1C3BDC45255763BF005575A3 /* TopViewOfSC.swift in Sources */ = {isa = PBXBuildFile; fileRef = 1C3BDC44255763BF005575A3 /* TopViewOfSC.swift */; };
		1C3BDC4825576A42005575A3 /* WindowTableCell.swift in Sources */ = {isa = PBXBuildFile; fileRef = 1C3BDC4725576A42005575A3 /* WindowTableCell.swift */; };
		1C44DB74257BDE6A009D787E /* RunningSummaryView.swift in Sources */ = {isa = PBXBuildFile; fileRef = 1C44DB73257BDE6A009D787E /* RunningSummaryView.swift */; };
		1C465B1C256EEC500009C7C3 /* RunningMapController.swift in Sources */ = {isa = PBXBuildFile; fileRef = 1C465B1B256EEC500009C7C3 /* RunningMapController.swift */; };
		1C465B20256EF0E30009C7C3 /* TopViewDownButton.swift in Sources */ = {isa = PBXBuildFile; fileRef = 1C465B1F256EF0E30009C7C3 /* TopViewDownButton.swift */; };
		1C58037525588236003779B8 /* WorkoutStatisticController.swift in Sources */ = {isa = PBXBuildFile; fileRef = 1C58037425588236003779B8 /* WorkoutStatisticController.swift */; };
		1C9BEF4D25545FDA00A1E9BD /* CompletedExercises.swift in Sources */ = {isa = PBXBuildFile; fileRef = 1C9BEF4C25545FDA00A1E9BD /* CompletedExercises.swift */; };
		1C9BEF502555E49B00A1E9BD /* Extensions+UIAlertController.swift in Sources */ = {isa = PBXBuildFile; fileRef = 1C9BEF4F2555E49B00A1E9BD /* Extensions+UIAlertController.swift */; };
		1CBF904C2544458C00E9123B /* AppDelegate.swift in Sources */ = {isa = PBXBuildFile; fileRef = 1CBF904B2544458C00E9123B /* AppDelegate.swift */; };
		1CBF904E2544458C00E9123B /* SceneDelegate.swift in Sources */ = {isa = PBXBuildFile; fileRef = 1CBF904D2544458C00E9123B /* SceneDelegate.swift */; };
		1CBF90532544458C00E9123B /* Main.storyboard in Resources */ = {isa = PBXBuildFile; fileRef = 1CBF90512544458C00E9123B /* Main.storyboard */; };
		1CBF90552544458E00E9123B /* Assets.xcassets in Resources */ = {isa = PBXBuildFile; fileRef = 1CBF90542544458E00E9123B /* Assets.xcassets */; };
		1CBF90582544458E00E9123B /* LaunchScreen.storyboard in Resources */ = {isa = PBXBuildFile; fileRef = 1CBF90562544458E00E9123B /* LaunchScreen.storyboard */; };
		1CBF9067254446EC00E9123B /* Extensions+UIView.swift in Sources */ = {isa = PBXBuildFile; fileRef = 1CBF9065254446EB00E9123B /* Extensions+UIView.swift */; };
		1CBF9068254446EC00E9123B /* Constants.swift in Sources */ = {isa = PBXBuildFile; fileRef = 1CBF9066254446EC00E9123B /* Constants.swift */; };
		1CBF906B254446FA00E9123B /* WindowSettingsModel.swift in Sources */ = {isa = PBXBuildFile; fileRef = 1CBF9069254446F900E9123B /* WindowSettingsModel.swift */; };
		1CBF906C254446FA00E9123B /* ExerciseInfoModel.swift in Sources */ = {isa = PBXBuildFile; fileRef = 1CBF906A254446FA00E9123B /* ExerciseInfoModel.swift */; };
		1CBF906F2544470C00E9123B /* BottomViewOfMainScreen.swift in Sources */ = {isa = PBXBuildFile; fileRef = 1CBF906D2544470B00E9123B /* BottomViewOfMainScreen.swift */; };
		1CBF90702544470C00E9123B /* TopViewOfMainScreen.swift in Sources */ = {isa = PBXBuildFile; fileRef = 1CBF906E2544470C00E9123B /* TopViewOfMainScreen.swift */; };
		1CBF90762544471E00E9123B /* WindowSettingsView.swift in Sources */ = {isa = PBXBuildFile; fileRef = 1CBF90712544471C00E9123B /* WindowSettingsView.swift */; };
		1CBF90772544471E00E9123B /* TopViewWithBackButton.swift in Sources */ = {isa = PBXBuildFile; fileRef = 1CBF90722544471D00E9123B /* TopViewWithBackButton.swift */; };
		1CBF90782544471E00E9123B /* CustomSectionLabel.swift in Sources */ = {isa = PBXBuildFile; fileRef = 1CBF90732544471D00E9123B /* CustomSectionLabel.swift */; };
		1CBF90792544471E00E9123B /* AddWorkoutCell.swift in Sources */ = {isa = PBXBuildFile; fileRef = 1CBF90742544471D00E9123B /* AddWorkoutCell.swift */; };
		1CBF907A2544471E00E9123B /* CustomSaveButton.swift in Sources */ = {isa = PBXBuildFile; fileRef = 1CBF90752544471E00E9123B /* CustomSaveButton.swift */; };
		1CBF907D2544472A00E9123B /* WorkoutCell.swift in Sources */ = {isa = PBXBuildFile; fileRef = 1CBF907B2544472900E9123B /* WorkoutCell.swift */; };
		1CBF907E2544472A00E9123B /* TextFieldInsets.swift in Sources */ = {isa = PBXBuildFile; fileRef = 1CBF907C2544472A00E9123B /* TextFieldInsets.swift */; };
		1CBF90812544474100E9123B /* MainController.swift in Sources */ = {isa = PBXBuildFile; fileRef = 1CBF907F2544474100E9123B /* MainController.swift */; };
		1CBF90822544474100E9123B /* WindowSettingsController.swift in Sources */ = {isa = PBXBuildFile; fileRef = 1CBF90802544474100E9123B /* WindowSettingsController.swift */; };
		1CBF908B254461FF00E9123B /* TopViewADC.swift in Sources */ = {isa = PBXBuildFile; fileRef = 1CBF908A254461FF00E9123B /* TopViewADC.swift */; };
		1CBF90902544687400E9123B /* AddWorkoutController.swift in Sources */ = {isa = PBXBuildFile; fileRef = 1CBF908F2544687400E9123B /* AddWorkoutController.swift */; };
		1CBF90922544A18C00E9123B /* Extensions+UIColor.swift in Sources */ = {isa = PBXBuildFile; fileRef = 1CBF90912544A18C00E9123B /* Extensions+UIColor.swift */; };
		1CBF90942546EEFF00E9123B /* WorkoutBeginController.swift in Sources */ = {isa = PBXBuildFile; fileRef = 1CBF90932546EEFF00E9123B /* WorkoutBeginController.swift */; };
		1CBF90992547129500E9123B /* ExerciseCell.swift in Sources */ = {isa = PBXBuildFile; fileRef = 1CBF90982547129500E9123B /* ExerciseCell.swift */; };
		1CBF909B25487BA000E9123B /* SetCell.swift in Sources */ = {isa = PBXBuildFile; fileRef = 1CBF909A25487BA000E9123B /* SetCell.swift */; };
		1CBF909D254CA2E700E9123B /* ExerciseDetails.swift in Sources */ = {isa = PBXBuildFile; fileRef = 1CBF909C254CA2E700E9123B /* ExerciseDetails.swift */; };
		1CBF909F254DE88A00E9123B /* ExerciseDate.swift in Sources */ = {isa = PBXBuildFile; fileRef = 1CBF909E254DE88A00E9123B /* ExerciseDate.swift */; };
		1CBF90A1254E16B800E9123B /* CurrentExerciseDetails.swift in Sources */ = {isa = PBXBuildFile; fileRef = 1CBF90A0254E16B800E9123B /* CurrentExerciseDetails.swift */; };
		1CC7F3BA25598E6700AE19EE /* ExerciseStatisticCell.swift in Sources */ = {isa = PBXBuildFile; fileRef = 1CC7F3B925598E6700AE19EE /* ExerciseStatisticCell.swift */; };
		1CC7F453256439B000AE19EE /* RunningController.swift in Sources */ = {isa = PBXBuildFile; fileRef = 1CC7F452256439B000AE19EE /* RunningController.swift */; };
		1CC7F4562564614900AE19EE /* Extensions+CATransition.swift in Sources */ = {isa = PBXBuildFile; fileRef = 1CC7F4552564614900AE19EE /* Extensions+CATransition.swift */; };
		1CC7F45A2564631100AE19EE /* TopViewOfRC.swift in Sources */ = {isa = PBXBuildFile; fileRef = 1CC7F4592564631000AE19EE /* TopViewOfRC.swift */; };
		1CC7F45E2565735B00AE19EE /* MoreDetailsController.swift in Sources */ = {isa = PBXBuildFile; fileRef = 1CC7F45D2565735B00AE19EE /* MoreDetailsController.swift */; };
		1CC7F4632565B4F700AE19EE /* WorkoutInfoCell.swift in Sources */ = {isa = PBXBuildFile; fileRef = 1CC7F4622565B4F700AE19EE /* WorkoutInfoCell.swift */; };
		1CC7F46A2566F5A300AE19EE /* WeatherApiDownload.swift in Sources */ = {isa = PBXBuildFile; fileRef = 1CC7F4692566F5A300AE19EE /* WeatherApiDownload.swift */; };
		1CC7F46E2566FAE800AE19EE /* WeatherModel.swift in Sources */ = {isa = PBXBuildFile; fileRef = 1CC7F46D2566FAE800AE19EE /* WeatherModel.swift */; };
		1CD9C3CF256BD9F8004FF88C /* CustomAnimationButton.swift in Sources */ = {isa = PBXBuildFile; fileRef = 1CD9C3CE256BD9F8004FF88C /* CustomAnimationButton.swift */; };
		6CA63E3D97EA2F1DDEF5BD67 /* Pods_LiftHeavier.framework in Frameworks */ = {isa = PBXBuildFile; fileRef = 14F888B9492897874F3C75C1 /* Pods_LiftHeavier.framework */; };
/* End PBXBuildFile section */

/* Begin PBXFileReference section */
		14F888B9492897874F3C75C1 /* Pods_LiftHeavier.framework */ = {isa = PBXFileReference; explicitFileType = wrapper.framework; includeInIndex = 0; path = Pods_LiftHeavier.framework; sourceTree = BUILT_PRODUCTS_DIR; };
		1C1CD0B2258273DD00755C40 /* Extensions+Int.swift */ = {isa = PBXFileReference; lastKnownFileType = sourcecode.swift; path = "Extensions+Int.swift"; sourceTree = "<group>"; };
		1C1CD0B52582BD6B00755C40 /* RunningSummayModel.swift */ = {isa = PBXFileReference; lastKnownFileType = sourcecode.swift; path = RunningSummayModel.swift; sourceTree = "<group>"; };
		1C1CD0B82582CEB800755C40 /* LastRunningSummary.swift */ = {isa = PBXFileReference; lastKnownFileType = sourcecode.swift; path = LastRunningSummary.swift; sourceTree = "<group>"; };
		1C1CD0C02583F21E00755C40 /* RunningDetailsController.swift */ = {isa = PBXFileReference; lastKnownFileType = sourcecode.swift; path = RunningDetailsController.swift; sourceTree = "<group>"; };
		1C1CD0C42583F3EF00755C40 /* TopViewCancelButton.swift */ = {isa = PBXFileReference; lastKnownFileType = sourcecode.swift; path = TopViewCancelButton.swift; sourceTree = "<group>"; };
		1C1CD0C82583FC9600755C40 /* RunningSummaryCell.swift */ = {isa = PBXFileReference; lastKnownFileType = sourcecode.swift; path = RunningSummaryCell.swift; sourceTree = "<group>"; };
		1C1CD0CB2584146F00755C40 /* Extensions+NSDate.swift */ = {isa = PBXFileReference; lastKnownFileType = sourcecode.swift; path = "Extensions+NSDate.swift"; sourceTree = "<group>"; };
		1C1CD0CE2584266400755C40 /* PersonalDetailsController.swift */ = {isa = PBXFileReference; lastKnownFileType = sourcecode.swift; path = PersonalDetailsController.swift; sourceTree = "<group>"; };
		1C1CD0D22584291300755C40 /* RegisterView.swift */ = {isa = PBXFileReference; lastKnownFileType = sourcecode.swift; path = RegisterView.swift; sourceTree = "<group>"; };
		1C1CD0D6258558D300755C40 /* PersonalDetails.swift */ = {isa = PBXFileReference; lastKnownFileType = sourcecode.swift; path = PersonalDetails.swift; sourceTree = "<group>"; };
		1C3BDC3C25576003005575A3 /* StatisticsController.swift */ = {isa = PBXFileReference; lastKnownFileType = sourcecode.swift; path = StatisticsController.swift; sourceTree = "<group>"; };
		1C3BDC402557617F005575A3 /* BottomViewOfSC.swift */ = {isa = PBXFileReference; lastKnownFileType = sourcecode.swift; path = BottomViewOfSC.swift; sourceTree = "<group>"; };
		1C3BDC44255763BF005575A3 /* TopViewOfSC.swift */ = {isa = PBXFileReference; lastKnownFileType = sourcecode.swift; path = TopViewOfSC.swift; sourceTree = "<group>"; };
		1C3BDC4725576A42005575A3 /* WindowTableCell.swift */ = {isa = PBXFileReference; lastKnownFileType = sourcecode.swift; path = WindowTableCell.swift; sourceTree = "<group>"; };
		1C44DB73257BDE6A009D787E /* RunningSummaryView.swift */ = {isa = PBXFileReference; lastKnownFileType = sourcecode.swift; path = RunningSummaryView.swift; sourceTree = "<group>"; };
		1C465B1B256EEC500009C7C3 /* RunningMapController.swift */ = {isa = PBXFileReference; lastKnownFileType = sourcecode.swift; path = RunningMapController.swift; sourceTree = "<group>"; };
		1C465B1F256EF0E30009C7C3 /* TopViewDownButton.swift */ = {isa = PBXFileReference; lastKnownFileType = sourcecode.swift; path = TopViewDownButton.swift; sourceTree = "<group>"; };
		1C58037425588236003779B8 /* WorkoutStatisticController.swift */ = {isa = PBXFileReference; lastKnownFileType = sourcecode.swift; path = WorkoutStatisticController.swift; sourceTree = "<group>"; };
		1C9BEF4C25545FDA00A1E9BD /* CompletedExercises.swift */ = {isa = PBXFileReference; lastKnownFileType = sourcecode.swift; path = CompletedExercises.swift; sourceTree = "<group>"; };
		1C9BEF4F2555E49B00A1E9BD /* Extensions+UIAlertController.swift */ = {isa = PBXFileReference; lastKnownFileType = sourcecode.swift; path = "Extensions+UIAlertController.swift"; sourceTree = "<group>"; };
		1CBF90482544458C00E9123B /* LiftHeavier.app */ = {isa = PBXFileReference; explicitFileType = wrapper.application; includeInIndex = 0; path = LiftHeavier.app; sourceTree = BUILT_PRODUCTS_DIR; };
		1CBF904B2544458C00E9123B /* AppDelegate.swift */ = {isa = PBXFileReference; lastKnownFileType = sourcecode.swift; path = AppDelegate.swift; sourceTree = "<group>"; };
		1CBF904D2544458C00E9123B /* SceneDelegate.swift */ = {isa = PBXFileReference; lastKnownFileType = sourcecode.swift; path = SceneDelegate.swift; sourceTree = "<group>"; };
		1CBF90522544458C00E9123B /* Base */ = {isa = PBXFileReference; lastKnownFileType = file.storyboard; name = Base; path = Base.lproj/Main.storyboard; sourceTree = "<group>"; };
		1CBF90542544458E00E9123B /* Assets.xcassets */ = {isa = PBXFileReference; lastKnownFileType = folder.assetcatalog; path = Assets.xcassets; sourceTree = "<group>"; };
		1CBF90572544458E00E9123B /* Base */ = {isa = PBXFileReference; lastKnownFileType = file.storyboard; name = Base; path = Base.lproj/LaunchScreen.storyboard; sourceTree = "<group>"; };
		1CBF90592544458E00E9123B /* Info.plist */ = {isa = PBXFileReference; lastKnownFileType = text.plist.xml; path = Info.plist; sourceTree = "<group>"; };
		1CBF9065254446EB00E9123B /* Extensions+UIView.swift */ = {isa = PBXFileReference; fileEncoding = 4; lastKnownFileType = sourcecode.swift; path = "Extensions+UIView.swift"; sourceTree = "<group>"; };
		1CBF9066254446EC00E9123B /* Constants.swift */ = {isa = PBXFileReference; fileEncoding = 4; lastKnownFileType = sourcecode.swift; path = Constants.swift; sourceTree = "<group>"; };
		1CBF9069254446F900E9123B /* WindowSettingsModel.swift */ = {isa = PBXFileReference; fileEncoding = 4; lastKnownFileType = sourcecode.swift; path = WindowSettingsModel.swift; sourceTree = "<group>"; };
		1CBF906A254446FA00E9123B /* ExerciseInfoModel.swift */ = {isa = PBXFileReference; fileEncoding = 4; lastKnownFileType = sourcecode.swift; path = ExerciseInfoModel.swift; sourceTree = "<group>"; };
		1CBF906D2544470B00E9123B /* BottomViewOfMainScreen.swift */ = {isa = PBXFileReference; fileEncoding = 4; lastKnownFileType = sourcecode.swift; path = BottomViewOfMainScreen.swift; sourceTree = "<group>"; };
		1CBF906E2544470C00E9123B /* TopViewOfMainScreen.swift */ = {isa = PBXFileReference; fileEncoding = 4; lastKnownFileType = sourcecode.swift; path = TopViewOfMainScreen.swift; sourceTree = "<group>"; };
		1CBF90712544471C00E9123B /* WindowSettingsView.swift */ = {isa = PBXFileReference; fileEncoding = 4; lastKnownFileType = sourcecode.swift; path = WindowSettingsView.swift; sourceTree = "<group>"; };
		1CBF90722544471D00E9123B /* TopViewWithBackButton.swift */ = {isa = PBXFileReference; fileEncoding = 4; lastKnownFileType = sourcecode.swift; path = TopViewWithBackButton.swift; sourceTree = "<group>"; };
		1CBF90732544471D00E9123B /* CustomSectionLabel.swift */ = {isa = PBXFileReference; fileEncoding = 4; lastKnownFileType = sourcecode.swift; path = CustomSectionLabel.swift; sourceTree = "<group>"; };
		1CBF90742544471D00E9123B /* AddWorkoutCell.swift */ = {isa = PBXFileReference; fileEncoding = 4; lastKnownFileType = sourcecode.swift; path = AddWorkoutCell.swift; sourceTree = "<group>"; };
		1CBF90752544471E00E9123B /* CustomSaveButton.swift */ = {isa = PBXFileReference; fileEncoding = 4; lastKnownFileType = sourcecode.swift; path = CustomSaveButton.swift; sourceTree = "<group>"; };
		1CBF907B2544472900E9123B /* WorkoutCell.swift */ = {isa = PBXFileReference; fileEncoding = 4; lastKnownFileType = sourcecode.swift; path = WorkoutCell.swift; sourceTree = "<group>"; };
		1CBF907C2544472A00E9123B /* TextFieldInsets.swift */ = {isa = PBXFileReference; fileEncoding = 4; lastKnownFileType = sourcecode.swift; path = TextFieldInsets.swift; sourceTree = "<group>"; };
		1CBF907F2544474100E9123B /* MainController.swift */ = {isa = PBXFileReference; fileEncoding = 4; lastKnownFileType = sourcecode.swift; path = MainController.swift; sourceTree = "<group>"; };
		1CBF90802544474100E9123B /* WindowSettingsController.swift */ = {isa = PBXFileReference; fileEncoding = 4; lastKnownFileType = sourcecode.swift; path = WindowSettingsController.swift; sourceTree = "<group>"; };
		1CBF908A254461FF00E9123B /* TopViewADC.swift */ = {isa = PBXFileReference; lastKnownFileType = sourcecode.swift; path = TopViewADC.swift; sourceTree = "<group>"; };
		1CBF908F2544687400E9123B /* AddWorkoutController.swift */ = {isa = PBXFileReference; lastKnownFileType = sourcecode.swift; path = AddWorkoutController.swift; sourceTree = "<group>"; };
		1CBF90912544A18C00E9123B /* Extensions+UIColor.swift */ = {isa = PBXFileReference; lastKnownFileType = sourcecode.swift; path = "Extensions+UIColor.swift"; sourceTree = "<group>"; };
		1CBF90932546EEFF00E9123B /* WorkoutBeginController.swift */ = {isa = PBXFileReference; lastKnownFileType = sourcecode.swift; path = WorkoutBeginController.swift; sourceTree = "<group>"; };
		1CBF90982547129500E9123B /* ExerciseCell.swift */ = {isa = PBXFileReference; lastKnownFileType = sourcecode.swift; path = ExerciseCell.swift; sourceTree = "<group>"; };
		1CBF909A25487BA000E9123B /* SetCell.swift */ = {isa = PBXFileReference; lastKnownFileType = sourcecode.swift; path = SetCell.swift; sourceTree = "<group>"; };
		1CBF909C254CA2E700E9123B /* ExerciseDetails.swift */ = {isa = PBXFileReference; lastKnownFileType = sourcecode.swift; path = ExerciseDetails.swift; sourceTree = "<group>"; };
		1CBF909E254DE88A00E9123B /* ExerciseDate.swift */ = {isa = PBXFileReference; lastKnownFileType = sourcecode.swift; path = ExerciseDate.swift; sourceTree = "<group>"; };
		1CBF90A0254E16B800E9123B /* CurrentExerciseDetails.swift */ = {isa = PBXFileReference; lastKnownFileType = sourcecode.swift; path = CurrentExerciseDetails.swift; sourceTree = "<group>"; };
		1CC7F3B925598E6700AE19EE /* ExerciseStatisticCell.swift */ = {isa = PBXFileReference; lastKnownFileType = sourcecode.swift; path = ExerciseStatisticCell.swift; sourceTree = "<group>"; };
		1CC7F452256439B000AE19EE /* RunningController.swift */ = {isa = PBXFileReference; lastKnownFileType = sourcecode.swift; path = RunningController.swift; sourceTree = "<group>"; };
		1CC7F4552564614900AE19EE /* Extensions+CATransition.swift */ = {isa = PBXFileReference; lastKnownFileType = sourcecode.swift; path = "Extensions+CATransition.swift"; sourceTree = "<group>"; };
		1CC7F4592564631000AE19EE /* TopViewOfRC.swift */ = {isa = PBXFileReference; lastKnownFileType = sourcecode.swift; path = TopViewOfRC.swift; sourceTree = "<group>"; };
		1CC7F45D2565735B00AE19EE /* MoreDetailsController.swift */ = {isa = PBXFileReference; lastKnownFileType = sourcecode.swift; path = MoreDetailsController.swift; sourceTree = "<group>"; };
		1CC7F4622565B4F700AE19EE /* WorkoutInfoCell.swift */ = {isa = PBXFileReference; lastKnownFileType = sourcecode.swift; path = WorkoutInfoCell.swift; sourceTree = "<group>"; };
		1CC7F4692566F5A300AE19EE /* WeatherApiDownload.swift */ = {isa = PBXFileReference; lastKnownFileType = sourcecode.swift; path = WeatherApiDownload.swift; sourceTree = "<group>"; };
		1CC7F46D2566FAE800AE19EE /* WeatherModel.swift */ = {isa = PBXFileReference; lastKnownFileType = sourcecode.swift; path = WeatherModel.swift; sourceTree = "<group>"; };
		1CD9C3CE256BD9F8004FF88C /* CustomAnimationButton.swift */ = {isa = PBXFileReference; lastKnownFileType = sourcecode.swift; path = CustomAnimationButton.swift; sourceTree = "<group>"; };
		41BFCC5644367AEC331641C1 /* Pods-LiftHeavier.release.xcconfig */ = {isa = PBXFileReference; includeInIndex = 1; lastKnownFileType = text.xcconfig; name = "Pods-LiftHeavier.release.xcconfig"; path = "Target Support Files/Pods-LiftHeavier/Pods-LiftHeavier.release.xcconfig"; sourceTree = "<group>"; };
		94FD41F7DA449A5451DA02CF /* Pods-LiftHeavier.debug.xcconfig */ = {isa = PBXFileReference; includeInIndex = 1; lastKnownFileType = text.xcconfig; name = "Pods-LiftHeavier.debug.xcconfig"; path = "Target Support Files/Pods-LiftHeavier/Pods-LiftHeavier.debug.xcconfig"; sourceTree = "<group>"; };
/* End PBXFileReference section */

/* Begin PBXFrameworksBuildPhase section */
		1CBF90452544458C00E9123B /* Frameworks */ = {
			isa = PBXFrameworksBuildPhase;
			buildActionMask = 2147483647;
			files = (
				6CA63E3D97EA2F1DDEF5BD67 /* Pods_LiftHeavier.framework in Frameworks */,
			);
			runOnlyForDeploymentPostprocessing = 0;
		};
/* End PBXFrameworksBuildPhase section */

/* Begin PBXGroup section */
		1C1CD0C32583F3B300755C40 /* RunningDetailsControllerViews */ = {
			isa = PBXGroup;
			children = (
				1C1CD0C42583F3EF00755C40 /* TopViewCancelButton.swift */,
				1C1CD0C82583FC9600755C40 /* RunningSummaryCell.swift */,
			);
			path = RunningDetailsControllerViews;
			sourceTree = "<group>";
		};
		1C1CD0D1258428CF00755C40 /* PersonalDetailControllerViews */ = {
			isa = PBXGroup;
			children = (
				1C1CD0D22584291300755C40 /* RegisterView.swift */,
			);
			path = PersonalDetailControllerViews;
			sourceTree = "<group>";
		};
		1C3BDC3F2557612C005575A3 /* StatisticsControllerViews */ = {
			isa = PBXGroup;
			children = (
				1C3BDC402557617F005575A3 /* BottomViewOfSC.swift */,
				1C3BDC44255763BF005575A3 /* TopViewOfSC.swift */,
				1C3BDC4725576A42005575A3 /* WindowTableCell.swift */,
			);
			path = StatisticsControllerViews;
			sourceTree = "<group>";
		};
		1C465B1E256EF0A40009C7C3 /* RunningMapControllerViews */ = {
			isa = PBXGroup;
			children = (
				1C465B1F256EF0E30009C7C3 /* TopViewDownButton.swift */,
				1C44DB73257BDE6A009D787E /* RunningSummaryView.swift */,
				1C1CD0B82582CEB800755C40 /* LastRunningSummary.swift */,
			);
			path = RunningMapControllerViews;
			sourceTree = "<group>";
		};
		1CBF903F2544458C00E9123B = {
			isa = PBXGroup;
			children = (
				1CBF904A2544458C00E9123B /* LiftHeavier */,
				1CBF90492544458C00E9123B /* Products */,
				FCC3360A4C94A37FCAECE9FF /* Pods */,
				B57EEB052D803DCA35E2F828 /* Frameworks */,
			);
			sourceTree = "<group>";
		};
		1CBF90492544458C00E9123B /* Products */ = {
			isa = PBXGroup;
			children = (
				1CBF90482544458C00E9123B /* LiftHeavier.app */,
			);
			name = Products;
			sourceTree = "<group>";
		};
		1CBF904A2544458C00E9123B /* LiftHeavier */ = {
			isa = PBXGroup;
			children = (
				1CBF90622544468900E9123B /* Extensions */,
				1CBF90612544468500E9123B /* Model */,
				1CBF90602544468100E9123B /* View */,
				1CBF905F2544467B00E9123B /* Controller */,
				1CBF904B2544458C00E9123B /* AppDelegate.swift */,
				1CBF904D2544458C00E9123B /* SceneDelegate.swift */,
				1CBF90512544458C00E9123B /* Main.storyboard */,
				1CBF90542544458E00E9123B /* Assets.xcassets */,
				1CBF90562544458E00E9123B /* LaunchScreen.storyboard */,
				1CBF90592544458E00E9123B /* Info.plist */,
			);
			path = LiftHeavier;
			sourceTree = "<group>";
		};
		1CBF905F2544467B00E9123B /* Controller */ = {
			isa = PBXGroup;
			children = (
				1CBF907F2544474100E9123B /* MainController.swift */,
				1CBF90802544474100E9123B /* WindowSettingsController.swift */,
				1CBF908F2544687400E9123B /* AddWorkoutController.swift */,
				1CBF90932546EEFF00E9123B /* WorkoutBeginController.swift */,
				1C3BDC3C25576003005575A3 /* StatisticsController.swift */,
				1C58037425588236003779B8 /* WorkoutStatisticController.swift */,
				1CC7F45D2565735B00AE19EE /* MoreDetailsController.swift */,
				1CC7F452256439B000AE19EE /* RunningController.swift */,
				1C465B1B256EEC500009C7C3 /* RunningMapController.swift */,
				1C1CD0C02583F21E00755C40 /* RunningDetailsController.swift */,
				1C1CD0CE2584266400755C40 /* PersonalDetailsController.swift */,
			);
			path = Controller;
			sourceTree = "<group>";
		};
		1CBF90602544468100E9123B /* View */ = {
			isa = PBXGroup;
			children = (
				1CBF9064254446C400E9123B /* MainControllerViews */,
				1CBF9063254446B600E9123B /* WindowSettingsControllerViews */,
				1CBF90872544614900E9123B /* AddWorkoutControllerViews */,
				1CBF90952546FA9000E9123B /* WorkoutBeginControllerViews */,
				1C3BDC3F2557612C005575A3 /* StatisticsControllerViews */,
				1CC7F3B825598E3200AE19EE /* WorkoutStatisticControllerViews */,
				1CC7F4612565B4B900AE19EE /* MoreDetailsControllerViews */,
				1CC7F458256462F100AE19EE /* RunningControllerViews */,
				1C465B1E256EF0A40009C7C3 /* RunningMapControllerViews */,
				1C1CD0C32583F3B300755C40 /* RunningDetailsControllerViews */,
				1C1CD0D1258428CF00755C40 /* PersonalDetailControllerViews */,
				1CBF90722544471D00E9123B /* TopViewWithBackButton.swift */,
				1CBF907C2544472A00E9123B /* TextFieldInsets.swift */,
				1CBF907B2544472900E9123B /* WorkoutCell.swift */,
				1CBF90752544471E00E9123B /* CustomSaveButton.swift */,
				1CBF90732544471D00E9123B /* CustomSectionLabel.swift */,
				1CD9C3CE256BD9F8004FF88C /* CustomAnimationButton.swift */,
			);
			path = View;
			sourceTree = "<group>";
		};
		1CBF90612544468500E9123B /* Model */ = {
			isa = PBXGroup;
			children = (
				1CC7F4652566F4EE00AE19EE /* DatabaseModels */,
				1CC7F4682566F50200AE19EE /* NetworkModels */,
			);
			path = Model;
			sourceTree = "<group>";
		};
		1CBF90622544468900E9123B /* Extensions */ = {
			isa = PBXGroup;
			children = (
				1CBF9066254446EC00E9123B /* Constants.swift */,
				1CBF9065254446EB00E9123B /* Extensions+UIView.swift */,
				1CBF90912544A18C00E9123B /* Extensions+UIColor.swift */,
				1C9BEF4F2555E49B00A1E9BD /* Extensions+UIAlertController.swift */,
				1CC7F4552564614900AE19EE /* Extensions+CATransition.swift */,
				1C1CD0B2258273DD00755C40 /* Extensions+Int.swift */,
				1C1CD0CB2584146F00755C40 /* Extensions+NSDate.swift */,
			);
			path = Extensions;
			sourceTree = "<group>";
		};
		1CBF9063254446B600E9123B /* WindowSettingsControllerViews */ = {
			isa = PBXGroup;
			children = (
				1CBF90712544471C00E9123B /* WindowSettingsView.swift */,
			);
			path = WindowSettingsControllerViews;
			sourceTree = "<group>";
		};
		1CBF9064254446C400E9123B /* MainControllerViews */ = {
			isa = PBXGroup;
			children = (
				1CBF906D2544470B00E9123B /* BottomViewOfMainScreen.swift */,
				1CBF906E2544470C00E9123B /* TopViewOfMainScreen.swift */,
			);
			path = MainControllerViews;
			sourceTree = "<group>";
		};
		1CBF90872544614900E9123B /* AddWorkoutControllerViews */ = {
			isa = PBXGroup;
			children = (
				1CBF90742544471D00E9123B /* AddWorkoutCell.swift */,
				1CBF908A254461FF00E9123B /* TopViewADC.swift */,
			);
			name = AddWorkoutControllerViews;
			sourceTree = "<group>";
		};
		1CBF90952546FA9000E9123B /* WorkoutBeginControllerViews */ = {
			isa = PBXGroup;
			children = (
				1CBF90982547129500E9123B /* ExerciseCell.swift */,
				1CBF909A25487BA000E9123B /* SetCell.swift */,
			);
			path = WorkoutBeginControllerViews;
			sourceTree = "<group>";
		};
		1CC7F3B825598E3200AE19EE /* WorkoutStatisticControllerViews */ = {
			isa = PBXGroup;
			children = (
				1CC7F3B925598E6700AE19EE /* ExerciseStatisticCell.swift */,
			);
			path = WorkoutStatisticControllerViews;
			sourceTree = "<group>";
		};
		1CC7F458256462F100AE19EE /* RunningControllerViews */ = {
			isa = PBXGroup;
			children = (
				1CC7F4592564631000AE19EE /* TopViewOfRC.swift */,
			);
			path = RunningControllerViews;
			sourceTree = "<group>";
		};
		1CC7F4612565B4B900AE19EE /* MoreDetailsControllerViews */ = {
			isa = PBXGroup;
			children = (
				1CC7F4622565B4F700AE19EE /* WorkoutInfoCell.swift */,
			);
			path = MoreDetailsControllerViews;
			sourceTree = "<group>";
		};
		1CC7F4652566F4EE00AE19EE /* DatabaseModels */ = {
			isa = PBXGroup;
			children = (
				1CBF9069254446F900E9123B /* WindowSettingsModel.swift */,
				1CBF906A254446FA00E9123B /* ExerciseInfoModel.swift */,
				1CBF909E254DE88A00E9123B /* ExerciseDate.swift */,
				1CBF909C254CA2E700E9123B /* ExerciseDetails.swift */,
				1CBF90A0254E16B800E9123B /* CurrentExerciseDetails.swift */,
				1C9BEF4C25545FDA00A1E9BD /* CompletedExercises.swift */,
				1C1CD0B52582BD6B00755C40 /* RunningSummayModel.swift */,
				1C1CD0D6258558D300755C40 /* PersonalDetails.swift */,
			);
			path = DatabaseModels;
			sourceTree = "<group>";
		};
		1CC7F4682566F50200AE19EE /* NetworkModels */ = {
			isa = PBXGroup;
			children = (
				1CC7F4692566F5A300AE19EE /* WeatherApiDownload.swift */,
				1CC7F46D2566FAE800AE19EE /* WeatherModel.swift */,
			);
			path = NetworkModels;
			sourceTree = "<group>";
		};
		B57EEB052D803DCA35E2F828 /* Frameworks */ = {
			isa = PBXGroup;
			children = (
				14F888B9492897874F3C75C1 /* Pods_LiftHeavier.framework */,
			);
			name = Frameworks;
			sourceTree = "<group>";
		};
		FCC3360A4C94A37FCAECE9FF /* Pods */ = {
			isa = PBXGroup;
			children = (
				94FD41F7DA449A5451DA02CF /* Pods-LiftHeavier.debug.xcconfig */,
				41BFCC5644367AEC331641C1 /* Pods-LiftHeavier.release.xcconfig */,
			);
			path = Pods;
			sourceTree = "<group>";
		};
/* End PBXGroup section */

/* Begin PBXNativeTarget section */
		1CBF90472544458C00E9123B /* LiftHeavier */ = {
			isa = PBXNativeTarget;
			buildConfigurationList = 1CBF905C2544458E00E9123B /* Build configuration list for PBXNativeTarget "LiftHeavier" */;
			buildPhases = (
				3670C9218F6E49A0DC133DBD /* [CP] Check Pods Manifest.lock */,
				1CBF90442544458C00E9123B /* Sources */,
				1CBF90452544458C00E9123B /* Frameworks */,
				1CBF90462544458C00E9123B /* Resources */,
				9D79B1293002DF02D0018A60 /* [CP] Embed Pods Frameworks */,
			);
			buildRules = (
			);
			dependencies = (
			);
			name = LiftHeavier;
			productName = LiftHeavier;
			productReference = 1CBF90482544458C00E9123B /* LiftHeavier.app */;
			productType = "com.apple.product-type.application";
		};
/* End PBXNativeTarget section */

/* Begin PBXProject section */
		1CBF90402544458C00E9123B /* Project object */ = {
			isa = PBXProject;
			attributes = {
				LastSwiftUpdateCheck = 1160;
				LastUpgradeCheck = 1210;
				ORGANIZATIONNAME = "Yaman Boztepe";
				TargetAttributes = {
					1CBF90472544458C00E9123B = {
						CreatedOnToolsVersion = 11.6;
					};
				};
			};
			buildConfigurationList = 1CBF90432544458C00E9123B /* Build configuration list for PBXProject "LiftHeavier" */;
			compatibilityVersion = "Xcode 9.3";
			developmentRegion = en;
			hasScannedForEncodings = 0;
			knownRegions = (
				en,
				Base,
			);
			mainGroup = 1CBF903F2544458C00E9123B;
			productRefGroup = 1CBF90492544458C00E9123B /* Products */;
			projectDirPath = "";
			projectRoot = "";
			targets = (
				1CBF90472544458C00E9123B /* LiftHeavier */,
			);
		};
/* End PBXProject section */

/* Begin PBXResourcesBuildPhase section */
		1CBF90462544458C00E9123B /* Resources */ = {
			isa = PBXResourcesBuildPhase;
			buildActionMask = 2147483647;
			files = (
				1CBF90582544458E00E9123B /* LaunchScreen.storyboard in Resources */,
				1CBF90552544458E00E9123B /* Assets.xcassets in Resources */,
				1CBF90532544458C00E9123B /* Main.storyboard in Resources */,
			);
			runOnlyForDeploymentPostprocessing = 0;
		};
/* End PBXResourcesBuildPhase section */

/* Begin PBXShellScriptBuildPhase section */
		3670C9218F6E49A0DC133DBD /* [CP] Check Pods Manifest.lock */ = {
			isa = PBXShellScriptBuildPhase;
			buildActionMask = 2147483647;
			files = (
			);
			inputFileListPaths = (
			);
			inputPaths = (
				"${PODS_PODFILE_DIR_PATH}/Podfile.lock",
				"${PODS_ROOT}/Manifest.lock",
			);
			name = "[CP] Check Pods Manifest.lock";
			outputFileListPaths = (
			);
			outputPaths = (
				"$(DERIVED_FILE_DIR)/Pods-LiftHeavier-checkManifestLockResult.txt",
			);
			runOnlyForDeploymentPostprocessing = 0;
			shellPath = /bin/sh;
			shellScript = "diff \"${PODS_PODFILE_DIR_PATH}/Podfile.lock\" \"${PODS_ROOT}/Manifest.lock\" > /dev/null\nif [ $? != 0 ] ; then\n    # print error to STDERR\n    echo \"error: The sandbox is not in sync with the Podfile.lock. Run 'pod install' or update your CocoaPods installation.\" >&2\n    exit 1\nfi\n# This output is used by Xcode 'outputs' to avoid re-running this script phase.\necho \"SUCCESS\" > \"${SCRIPT_OUTPUT_FILE_0}\"\n";
			showEnvVarsInLog = 0;
		};
		9D79B1293002DF02D0018A60 /* [CP] Embed Pods Frameworks */ = {
			isa = PBXShellScriptBuildPhase;
			buildActionMask = 2147483647;
			files = (
			);
			inputFileListPaths = (
				"${PODS_ROOT}/Target Support Files/Pods-LiftHeavier/Pods-LiftHeavier-frameworks-${CONFIGURATION}-input-files.xcfilelist",
			);
			name = "[CP] Embed Pods Frameworks";
			outputFileListPaths = (
				"${PODS_ROOT}/Target Support Files/Pods-LiftHeavier/Pods-LiftHeavier-frameworks-${CONFIGURATION}-output-files.xcfilelist",
			);
			runOnlyForDeploymentPostprocessing = 0;
			shellPath = /bin/sh;
			shellScript = "\"${PODS_ROOT}/Target Support Files/Pods-LiftHeavier/Pods-LiftHeavier-frameworks.sh\"\n";
			showEnvVarsInLog = 0;
		};
/* End PBXShellScriptBuildPhase section */

/* Begin PBXSourcesBuildPhase section */
		1CBF90442544458C00E9123B /* Sources */ = {
			isa = PBXSourcesBuildPhase;
			buildActionMask = 2147483647;
			files = (
				1CBF90822544474100E9123B /* WindowSettingsController.swift in Sources */,
				1CBF90942546EEFF00E9123B /* WorkoutBeginController.swift in Sources */,
				1CBF90A1254E16B800E9123B /* CurrentExerciseDetails.swift in Sources */,
				1CBF9068254446EC00E9123B /* Constants.swift in Sources */,
				1CBF90992547129500E9123B /* ExerciseCell.swift in Sources */,
				1C3BDC45255763BF005575A3 /* TopViewOfSC.swift in Sources */,
				1C1CD0B92582CEB800755C40 /* LastRunningSummary.swift in Sources */,
				1C465B1C256EEC500009C7C3 /* RunningMapController.swift in Sources */,
				1C1CD0CC2584146F00755C40 /* Extensions+NSDate.swift in Sources */,
				1C1CD0D32584291300755C40 /* RegisterView.swift in Sources */,
				1CC7F4562564614900AE19EE /* Extensions+CATransition.swift in Sources */,
				1CC7F3BA25598E6700AE19EE /* ExerciseStatisticCell.swift in Sources */,
				1CBF90902544687400E9123B /* AddWorkoutController.swift in Sources */,
				1CC7F45E2565735B00AE19EE /* MoreDetailsController.swift in Sources */,
				1C1CD0D7258558D300755C40 /* PersonalDetails.swift in Sources */,
				1CBF90762544471E00E9123B /* WindowSettingsView.swift in Sources */,
				1CBF909D254CA2E700E9123B /* ExerciseDetails.swift in Sources */,
				1CBF906F2544470C00E9123B /* BottomViewOfMainScreen.swift in Sources */,
				1C44DB74257BDE6A009D787E /* RunningSummaryView.swift in Sources */,
				1CBF908B254461FF00E9123B /* TopViewADC.swift in Sources */,
				1CBF906B254446FA00E9123B /* WindowSettingsModel.swift in Sources */,
				1CD9C3CF256BD9F8004FF88C /* CustomAnimationButton.swift in Sources */,
				1CBF90702544470C00E9123B /* TopViewOfMainScreen.swift in Sources */,
				1C1CD0B62582BD6B00755C40 /* RunningSummayModel.swift in Sources */,
				1CBF907D2544472A00E9123B /* WorkoutCell.swift in Sources */,
				1C9BEF4D25545FDA00A1E9BD /* CompletedExercises.swift in Sources */,
				1CC7F4632565B4F700AE19EE /* WorkoutInfoCell.swift in Sources */,
				1CBF90812544474100E9123B /* MainController.swift in Sources */,
				1CBF904C2544458C00E9123B /* AppDelegate.swift in Sources */,
				1C3BDC4825576A42005575A3 /* WindowTableCell.swift in Sources */,
				1C1CD0C12583F21E00755C40 /* RunningDetailsController.swift in Sources */,
				1C1CD0C92583FC9600755C40 /* RunningSummaryCell.swift in Sources */,
				1CC7F46E2566FAE800AE19EE /* WeatherModel.swift in Sources */,
				1C3BDC412557617F005575A3 /* BottomViewOfSC.swift in Sources */,
				1CBF909B25487BA000E9123B /* SetCell.swift in Sources */,
				1CBF909F254DE88A00E9123B /* ExerciseDate.swift in Sources */,
				1CBF90772544471E00E9123B /* TopViewWithBackButton.swift in Sources */,
				1CC7F453256439B000AE19EE /* RunningController.swift in Sources */,
				1CBF90792544471E00E9123B /* AddWorkoutCell.swift in Sources */,
				1CBF907A2544471E00E9123B /* CustomSaveButton.swift in Sources */,
				1C1CD0CF2584266400755C40 /* PersonalDetailsController.swift in Sources */,
				1C1CD0C52583F3EF00755C40 /* TopViewCancelButton.swift in Sources */,
				1CC7F46A2566F5A300AE19EE /* WeatherApiDownload.swift in Sources */,
				1CBF90922544A18C00E9123B /* Extensions+UIColor.swift in Sources */,
				1C9BEF502555E49B00A1E9BD /* Extensions+UIAlertController.swift in Sources */,
				1C58037525588236003779B8 /* WorkoutStatisticController.swift in Sources */,
				1C465B20256EF0E30009C7C3 /* TopViewDownButton.swift in Sources */,
				1CBF906C254446FA00E9123B /* ExerciseInfoModel.swift in Sources */,
				1CC7F45A2564631100AE19EE /* TopViewOfRC.swift in Sources */,
				1CBF9067254446EC00E9123B /* Extensions+UIView.swift in Sources */,
				1C3BDC3D25576003005575A3 /* StatisticsController.swift in Sources */,
				1CBF904E2544458C00E9123B /* SceneDelegate.swift in Sources */,
				1CBF90782544471E00E9123B /* CustomSectionLabel.swift in Sources */,
				1CBF907E2544472A00E9123B /* TextFieldInsets.swift in Sources */,
				1C1CD0B3258273DD00755C40 /* Extensions+Int.swift in Sources */,
			);
			runOnlyForDeploymentPostprocessing = 0;
		};
/* End PBXSourcesBuildPhase section */

/* Begin PBXVariantGroup section */
		1CBF90512544458C00E9123B /* Main.storyboard */ = {
			isa = PBXVariantGroup;
			children = (
				1CBF90522544458C00E9123B /* Base */,
			);
			name = Main.storyboard;
			sourceTree = "<group>";
		};
		1CBF90562544458E00E9123B /* LaunchScreen.storyboard */ = {
			isa = PBXVariantGroup;
			children = (
				1CBF90572544458E00E9123B /* Base */,
			);
			name = LaunchScreen.storyboard;
			sourceTree = "<group>";
		};
/* End PBXVariantGroup section */

/* Begin XCBuildConfiguration section */
		1CBF905A2544458E00E9123B /* Debug */ = {
			isa = XCBuildConfiguration;
			buildSettings = {
				ALWAYS_SEARCH_USER_PATHS = NO;
				CLANG_ANALYZER_NONNULL = YES;
				CLANG_ANALYZER_NUMBER_OBJECT_CONVERSION = YES_AGGRESSIVE;
				CLANG_CXX_LANGUAGE_STANDARD = "gnu++14";
				CLANG_CXX_LIBRARY = "libc++";
				CLANG_ENABLE_MODULES = YES;
				CLANG_ENABLE_OBJC_ARC = YES;
				CLANG_ENABLE_OBJC_WEAK = YES;
				CLANG_WARN_BLOCK_CAPTURE_AUTORELEASING = YES;
				CLANG_WARN_BOOL_CONVERSION = YES;
				CLANG_WARN_COMMA = YES;
				CLANG_WARN_CONSTANT_CONVERSION = YES;
				CLANG_WARN_DEPRECATED_OBJC_IMPLEMENTATIONS = YES;
				CLANG_WARN_DIRECT_OBJC_ISA_USAGE = YES_ERROR;
				CLANG_WARN_DOCUMENTATION_COMMENTS = YES;
				CLANG_WARN_EMPTY_BODY = YES;
				CLANG_WARN_ENUM_CONVERSION = YES;
				CLANG_WARN_INFINITE_RECURSION = YES;
				CLANG_WARN_INT_CONVERSION = YES;
				CLANG_WARN_NON_LITERAL_NULL_CONVERSION = YES;
				CLANG_WARN_OBJC_IMPLICIT_RETAIN_SELF = YES;
				CLANG_WARN_OBJC_LITERAL_CONVERSION = YES;
				CLANG_WARN_OBJC_ROOT_CLASS = YES_ERROR;
				CLANG_WARN_QUOTED_INCLUDE_IN_FRAMEWORK_HEADER = YES;
				CLANG_WARN_RANGE_LOOP_ANALYSIS = YES;
				CLANG_WARN_STRICT_PROTOTYPES = YES;
				CLANG_WARN_SUSPICIOUS_MOVE = YES;
				CLANG_WARN_UNGUARDED_AVAILABILITY = YES_AGGRESSIVE;
				CLANG_WARN_UNREACHABLE_CODE = YES;
				CLANG_WARN__DUPLICATE_METHOD_MATCH = YES;
				COPY_PHASE_STRIP = NO;
				DEBUG_INFORMATION_FORMAT = dwarf;
				ENABLE_STRICT_OBJC_MSGSEND = YES;
				ENABLE_TESTABILITY = YES;
				GCC_C_LANGUAGE_STANDARD = gnu11;
				GCC_DYNAMIC_NO_PIC = NO;
				GCC_NO_COMMON_BLOCKS = YES;
				GCC_OPTIMIZATION_LEVEL = 0;
				GCC_PREPROCESSOR_DEFINITIONS = (
					"DEBUG=1",
					"$(inherited)",
				);
				GCC_WARN_64_TO_32_BIT_CONVERSION = YES;
				GCC_WARN_ABOUT_RETURN_TYPE = YES_ERROR;
				GCC_WARN_UNDECLARED_SELECTOR = YES;
				GCC_WARN_UNINITIALIZED_AUTOS = YES_AGGRESSIVE;
				GCC_WARN_UNUSED_FUNCTION = YES;
				GCC_WARN_UNUSED_VARIABLE = YES;
				IPHONEOS_DEPLOYMENT_TARGET = 13.6;
				MTL_ENABLE_DEBUG_INFO = INCLUDE_SOURCE;
				MTL_FAST_MATH = YES;
				ONLY_ACTIVE_ARCH = YES;
				SDKROOT = iphoneos;
				SWIFT_ACTIVE_COMPILATION_CONDITIONS = DEBUG;
				SWIFT_OPTIMIZATION_LEVEL = "-Onone";
			};
			name = Debug;
		};
		1CBF905B2544458E00E9123B /* Release */ = {
			isa = XCBuildConfiguration;
			buildSettings = {
				ALWAYS_SEARCH_USER_PATHS = NO;
				CLANG_ANALYZER_NONNULL = YES;
				CLANG_ANALYZER_NUMBER_OBJECT_CONVERSION = YES_AGGRESSIVE;
				CLANG_CXX_LANGUAGE_STANDARD = "gnu++14";
				CLANG_CXX_LIBRARY = "libc++";
				CLANG_ENABLE_MODULES = YES;
				CLANG_ENABLE_OBJC_ARC = YES;
				CLANG_ENABLE_OBJC_WEAK = YES;
				CLANG_WARN_BLOCK_CAPTURE_AUTORELEASING = YES;
				CLANG_WARN_BOOL_CONVERSION = YES;
				CLANG_WARN_COMMA = YES;
				CLANG_WARN_CONSTANT_CONVERSION = YES;
				CLANG_WARN_DEPRECATED_OBJC_IMPLEMENTATIONS = YES;
				CLANG_WARN_DIRECT_OBJC_ISA_USAGE = YES_ERROR;
				CLANG_WARN_DOCUMENTATION_COMMENTS = YES;
				CLANG_WARN_EMPTY_BODY = YES;
				CLANG_WARN_ENUM_CONVERSION = YES;
				CLANG_WARN_INFINITE_RECURSION = YES;
				CLANG_WARN_INT_CONVERSION = YES;
				CLANG_WARN_NON_LITERAL_NULL_CONVERSION = YES;
				CLANG_WARN_OBJC_IMPLICIT_RETAIN_SELF = YES;
				CLANG_WARN_OBJC_LITERAL_CONVERSION = YES;
				CLANG_WARN_OBJC_ROOT_CLASS = YES_ERROR;
				CLANG_WARN_QUOTED_INCLUDE_IN_FRAMEWORK_HEADER = YES;
				CLANG_WARN_RANGE_LOOP_ANALYSIS = YES;
				CLANG_WARN_STRICT_PROTOTYPES = YES;
				CLANG_WARN_SUSPICIOUS_MOVE = YES;
				CLANG_WARN_UNGUARDED_AVAILABILITY = YES_AGGRESSIVE;
				CLANG_WARN_UNREACHABLE_CODE = YES;
				CLANG_WARN__DUPLICATE_METHOD_MATCH = YES;
				COPY_PHASE_STRIP = NO;
				DEBUG_INFORMATION_FORMAT = "dwarf-with-dsym";
				ENABLE_NS_ASSERTIONS = NO;
				ENABLE_STRICT_OBJC_MSGSEND = YES;
				GCC_C_LANGUAGE_STANDARD = gnu11;
				GCC_NO_COMMON_BLOCKS = YES;
				GCC_WARN_64_TO_32_BIT_CONVERSION = YES;
				GCC_WARN_ABOUT_RETURN_TYPE = YES_ERROR;
				GCC_WARN_UNDECLARED_SELECTOR = YES;
				GCC_WARN_UNINITIALIZED_AUTOS = YES_AGGRESSIVE;
				GCC_WARN_UNUSED_FUNCTION = YES;
				GCC_WARN_UNUSED_VARIABLE = YES;
				IPHONEOS_DEPLOYMENT_TARGET = 13.6;
				MTL_ENABLE_DEBUG_INFO = NO;
				MTL_FAST_MATH = YES;
				SDKROOT = iphoneos;
				SWIFT_COMPILATION_MODE = wholemodule;
				SWIFT_OPTIMIZATION_LEVEL = "-O";
				VALIDATE_PRODUCT = YES;
			};
			name = Release;
		};
		1CBF905D2544458E00E9123B /* Debug */ = {
			isa = XCBuildConfiguration;
			baseConfigurationReference = 94FD41F7DA449A5451DA02CF /* Pods-LiftHeavier.debug.xcconfig */;
			buildSettings = {
				ASSETCATALOG_COMPILER_APPICON_NAME = AppIcon;
				CODE_SIGN_STYLE = Automatic;
				DEVELOPMENT_TEAM = X8F92F5YZ5;
				INFOPLIST_FILE = LiftHeavier/Info.plist;
				LD_RUNPATH_SEARCH_PATHS = (
					"$(inherited)",
					"@executable_path/Frameworks",
				);
				PRODUCT_BUNDLE_IDENTIFIER = YamanBoztepe.LiftHeavier;
				PRODUCT_NAME = "$(TARGET_NAME)";
				SWIFT_VERSION = 5.0;
				TARGETED_DEVICE_FAMILY = "1,2";
			};
			name = Debug;
		};
		1CBF905E2544458E00E9123B /* Release */ = {
			isa = XCBuildConfiguration;
			baseConfigurationReference = 41BFCC5644367AEC331641C1 /* Pods-LiftHeavier.release.xcconfig */;
			buildSettings = {
				ASSETCATALOG_COMPILER_APPICON_NAME = AppIcon;
				CODE_SIGN_STYLE = Automatic;
				DEVELOPMENT_TEAM = X8F92F5YZ5;
				INFOPLIST_FILE = LiftHeavier/Info.plist;
				LD_RUNPATH_SEARCH_PATHS = (
					"$(inherited)",
					"@executable_path/Frameworks",
				);
				PRODUCT_BUNDLE_IDENTIFIER = YamanBoztepe.LiftHeavier;
				PRODUCT_NAME = "$(TARGET_NAME)";
				SWIFT_VERSION = 5.0;
				TARGETED_DEVICE_FAMILY = "1,2";
			};
			name = Release;
		};
/* End XCBuildConfiguration section */

/* Begin XCConfigurationList section */
		1CBF90432544458C00E9123B /* Build configuration list for PBXProject "LiftHeavier" */ = {
			isa = XCConfigurationList;
			buildConfigurations = (
				1CBF905A2544458E00E9123B /* Debug */,
				1CBF905B2544458E00E9123B /* Release */,
			);
			defaultConfigurationIsVisible = 0;
			defaultConfigurationName = Release;
		};
		1CBF905C2544458E00E9123B /* Build configuration list for PBXNativeTarget "LiftHeavier" */ = {
			isa = XCConfigurationList;
			buildConfigurations = (
				1CBF905D2544458E00E9123B /* Debug */,
				1CBF905E2544458E00E9123B /* Release */,
			);
			defaultConfigurationIsVisible = 0;
			defaultConfigurationName = Release;
		};
/* End XCConfigurationList section */
	};
	rootObject = 1CBF90402544458C00E9123B /* Project object */;
}
